
Microsoft Visual Studio Solution File, Format Version 12.00
# Visual Studio Version 16
VisualStudioVersion = 16.0.32106.194
MinimumVisualStudioVersion = 10.0.40219.1
Project("{FAE04EC0-301F-11D3-BF4B-00C04F79EFBC}") = "QueFirstWebMVC", "QueFirstWebMVC.csproj", "{D3D84A6F-958E-462B-A182-E9CA854275EF}"
EndProject
Global
	GlobalSection(SolutionConfigurationPlatforms) = preSolution
		Debug|Any CPU = Debug|Any CPU
		Release|Any CPU = Release|Any CPU
	EndGlobalSection
	GlobalSection(ProjectConfigurationPlatforms) = postSolution
		{D3D84A6F-958E-462B-A182-E9CA854275EF}.Debug|Any CPU.ActiveCfg = Debug|Any CPU
		{D3D84A6F-958E-462B-A182-E9CA854275EF}.Debug|Any CPU.Build.0 = Debug|Any CPU
		{D3D84A6F-958E-462B-A182-E9CA854275EF}.Release|Any CPU.ActiveCfg = Release|Any CPU
		{D3D84A6F-958E-462B-A182-E9CA854275EF}.Release|Any CPU.Build.0 = Release|Any CPU
	EndGlobalSection
	GlobalSection(SolutionProperties) = preSolution
		HideSolutionNode = FALSE
	EndGlobalSection
	GlobalSection(ExtensibilityGlobals) = postSolution
		SolutionGuid = {0AB09E5A-7690-49CF-B092-2834A02F6365}
	EndGlobalSection
EndGlobal
